
Microsoft Visual Studio Solution File, Format Version 12.00
# Visual Studio Version 18
VisualStudioVersion = 18.5.11709.299 stable
MinimumVisualStudioVersion = 10.0.40219.1
Project("{FAE04EC0-301F-11D3-BF4B-00C04F79EFBC}") = "QrEventApi", "QrEventApi.csproj", "{F617ACE3-7118-E64F-5DCE-ADEAA02D8DEE}"
EndProject
Global
	GlobalSection(SolutionConfigurationPlatforms) = preSolution
		Debug|Any CPU = Debug|Any CPU
		Release|Any CPU = Release|Any CPU
	EndGlobalSection
	GlobalSection(ProjectConfigurationPlatforms) = postSolution
		{F617ACE3-7118-E64F-5DCE-ADEAA02D8DEE}.Debug|Any CPU.ActiveCfg = Debug|Any CPU
		{F617ACE3-7118-E64F-5DCE-ADEAA02D8DEE}.Debug|Any CPU.Build.0 = Debug|Any CPU
		{F617ACE3-7118-E64F-5DCE-ADEAA02D8DEE}.Release|Any CPU.ActiveCfg = Release|Any CPU
		{F617ACE3-7118-E64F-5DCE-ADEAA02D8DEE}.Release|Any CPU.Build.0 = Release|Any CPU
	EndGlobalSection
	GlobalSection(SolutionProperties) = preSolution
		HideSolutionNode = FALSE
	EndGlobalSection
	GlobalSection(ExtensibilityGlobals) = postSolution
		SolutionGuid = {06861273-8018-43C6-97C3-BFF6CDC58924}
	EndGlobalSection
EndGlobal
